
Microsoft Visual Studio Solution File, Format Version 12.00
# Visual Studio 2012
Project("{FAE04EC0-301F-11D3-BF4B-00C04F79EFBC}") = "Jiffy_WiDMX", "Jiffy_WiDMX.csproj", "{7EA9D707-3E40-40A2-9634-A2FC9D0AA4DD}"
EndProject
Global
	GlobalSection(SolutionConfigurationPlatforms) = preSolution
		Debug|iPhoneSimulator = Debug|iPhoneSimulator
		Release|iPhoneSimulator = Release|iPhoneSimulator
		Debug|iPhone = Debug|iPhone
		Release|iPhone = Release|iPhone
		Ad-Hoc|iPhone = Ad-Hoc|iPhone
		AppStore|iPhone = AppStore|iPhone
	EndGlobalSection
	GlobalSection(ProjectConfigurationPlatforms) = postSolution
		{7EA9D707-3E40-40A2-9634-A2FC9D0AA4DD}.Ad-Hoc|iPhone.ActiveCfg = Ad-Hoc|iPhone
		{7EA9D707-3E40-40A2-9634-A2FC9D0AA4DD}.Ad-Hoc|iPhone.Build.0 = Ad-Hoc|iPhone
		{7EA9D707-3E40-40A2-9634-A2FC9D0AA4DD}.AppStore|iPhone.ActiveCfg = AppStore|iPhone
		{7EA9D707-3E40-40A2-9634-A2FC9D0AA4DD}.AppStore|iPhone.Build.0 = AppStore|iPhone
		{7EA9D707-3E40-40A2-9634-A2FC9D0AA4DD}.Debug|iPhone.ActiveCfg = Debug|iPhone
		{7EA9D707-3E40-40A2-9634-A2FC9D0AA4DD}.Debug|iPhone.Build.0 = Debug|iPhone
		{7EA9D707-3E40-40A2-9634-A2FC9D0AA4DD}.Debug|iPhoneSimulator.ActiveCfg = Debug|iPhoneSimulator
		{7EA9D707-3E40-40A2-9634-A2FC9D0AA4DD}.Debug|iPhoneSimulator.Build.0 = Debug|iPhoneSimulator
		{7EA9D707-3E40-40A2-9634-A2FC9D0AA4DD}.Release|iPhone.ActiveCfg = Release|iPhone
		{7EA9D707-3E40-40A2-9634-A2FC9D0AA4DD}.Release|iPhone.Build.0 = Release|iPhone
		{7EA9D707-3E40-40A2-9634-A2FC9D0AA4DD}.Release|iPhoneSimulator.ActiveCfg = Release|iPhoneSimulator
		{7EA9D707-3E40-40A2-9634-A2FC9D0AA4DD}.Release|iPhoneSimulator.Build.0 = Release|iPhoneSimulator
	EndGlobalSection
	GlobalSection(MonoDevelopProperties) = preSolution
		StartupItem = Jiffy_WiDMX.csproj
	EndGlobalSection
EndGlobal
